{
  "name": "yy-pixel",
  "version": "1.0.0",
  "lockfileVersion": 1,
  "dependencies": {
    "penner": {
      "version": "0.1.3",
      "resolved": "https://registry.npmjs.org/penner/-/penner-0.1.3.tgz",
      "integrity": "sha1-C4tILU6bOa8vPXw3WSIpuKzClwU="
    },
    "yy-random": {
      "version": "1.2.0",
      "resolved": "https://registry.npmjs.org/yy-random/-/yy-random-1.2.0.tgz",
      "integrity": "sha1-KgNhFfqGztvIqfpcDwJkkMoPzLU="
    }
  }
}
