# THIS IS AN AUTOGENERATED FILE. DO NOT EDIT THIS FILE DIRECTLY.
# yarn lockfile v1


assert@^1.4.1:
  version "1.5.0"
  resolved "https://registry.yarnpkg.com/assert/-/assert-1.5.0.tgz#55c109aaf6e0aefdb3dc4b71240c70bf574b18eb"
  integrity sha512-EDsgawzwoun2CZkCgtxJbv392v4nbk9XDD06zI+kQYoBM/3RBWLlEyJARDOmhAAosBjWACEkKL6S+lIZtcAubA==
  dependencies:
    object-assign "^4.1.1"
    util "0.10.3"

fork-me-github@^1.2.0:
  version "1.2.0"
  resolved "https://registry.yarnpkg.com/fork-me-github/-/fork-me-github-1.2.0.tgz#168634ad7909925329f1142702cd009a2b4de5e0"
  integrity sha512-CvNytGJCD+Dsn31iImCZFwxwmGnImTYiEJz0WR7OzFof4OKBLzc0P/AyvX1CKysZx/Z0WRMlgMDzxl2LrFtaHg==

highlight.js@^9.12.0:
  version "9.15.6"
  resolved "https://registry.yarnpkg.com/highlight.js/-/highlight.js-9.15.6.tgz#72d4d8d779ec066af9a17cb14360c3def0aa57c4"
  integrity sha512-zozTAWM1D6sozHo8kqhfYgsac+B+q0PmsjXeyDrYIHHcBN0zTVT66+s2GW1GZv7DbyaROdLXKdabwS/WqPyIdQ==

inherits@2.0.1:
  version "2.0.1"
  resolved "https://registry.yarnpkg.com/inherits/-/inherits-2.0.1.tgz#b17d08d326b4423e568eff719f91b0b1cbdf69f1"
  integrity sha1-sX0I0ya0Qj5Wjv9xn5GwscvfafE=

object-assign@^4.1.1:
  version "4.1.1"
  resolved "https://registry.yarnpkg.com/object-assign/-/object-assign-4.1.1.tgz#2109adc7965887cfc05cbbd442cac8bfbb360863"
  integrity sha1-IQmtx5ZYh8/AXLvUQsrIv7s2CGM=

seedrandom@^3.0.1:
  version "3.0.1"
  resolved "https://registry.yarnpkg.com/seedrandom/-/seedrandom-3.0.1.tgz#eb3dde015bcf55df05a233514e5df44ef9dce083"
  integrity sha512-1/02Y/rUeU1CJBAGLebiC5Lbo5FnB22gQbIFFYTLkwvp1xdABZJH1sn4ZT1MzXmPpzv+Rf/Lu2NcsLJiK4rcDg==

util@0.10.3:
  version "0.10.3"
  resolved "https://registry.yarnpkg.com/util/-/util-0.10.3.tgz#7afb1afe50805246489e3db7fe0ed379336ac0f9"
  integrity sha1-evsa/lCAUkZInj23/g7TeTNqwPk=
  dependencies:
    inherits "2.0.1"

yy-color@^1.1.1:
  version "1.1.2"
  resolved "https://registry.yarnpkg.com/yy-color/-/yy-color-1.1.2.tgz#5c98fba33ea53e054f785443d26c6279300e5c00"
  integrity sha512-xAnFzZ3IPOsoQwKfhEhsq7tfhpNXrXrjeUtoStdwBKgfKdhoJatqLNBvybPYt270pX3LqSdAr1x/M07hxjIHEw==
  dependencies:
    yy-random "^1.0.1"

yy-random@^1.0.1, yy-random@^1.7.2:
  version "1.8.0"
  resolved "https://registry.yarnpkg.com/yy-random/-/yy-random-1.8.0.tgz#46539c1061050bcd63ce70b7fa902ccc9fb36a2e"
  integrity sha512-Dk5u4kkp6Hu2yUPXpRT8MWr1gpcSI88jDIMZtxVjj6iPiXbfoUcug2fR8s9WS2E4x8EdUxcOdoFadmViLYAQvA==
  dependencies:
    seedrandom "^3.0.1"
